PODS:
  - ESTabBarController-swift (2.8.0)

DEPENDENCIES:
  - ESTabBarController-swift

SPEC REPOS:
  trunk:
    - ESTabBarController-swift

SPEC CHECKSUMS:
  ESTabBarController-swift: 05593a6ad64700b03c0eb60ff625916370aa4136

PODFILE CHECKSUM: 220c6ffd8adb4b5e10e0da14c41684c050a8c1e0

COCOAPODS: 1.11.2
