// !$*UTF8*$!
{
	archiveVersion = 1;
	classes = {
	};
	objectVersion = 52;
	objects = {

/* Begin PBXBuildFile section */
		0E5B00F6E53E1758AC44B562 /* Pods_dev.framework in Frameworks */ = {isa = PBXBuildFile; fileRef = D3C71C1F551F1620B0BA48C1 /* Pods_dev.framework */; };
		361CB666C925742B88BA92A0 /* Pods_sit.framework in Frameworks */ = {isa = PBXBuildFile; fileRef = ED5C0D0661AB0C31A7B3381F /* Pods_sit.framework */; };
		C11D5384271DAE0A00604F15 /* AppDelegate.swift in Sources */ = {isa = PBXBuildFile; fileRef = C11D5383271DAE0A00604F15 /* AppDelegate.swift */; };
		C11D5386271DAE0A00604F15 /* SceneDelegate.swift in Sources */ = {isa = PBXBuildFile; fileRef = C11D5385271DAE0A00604F15 /* SceneDelegate.swift */; };
		C11D538A271DAE0B00604F15 /* Assets.xcassets in Resources */ = {isa = PBXBuildFile; fileRef = C11D5389271DAE0B00604F15 /* Assets.xcassets */; };
		C11D538D271DAE0B00604F15 /* Preview Assets.xcassets in Resources */ = {isa = PBXBuildFile; fileRef = C11D538C271DAE0B00604F15 /* Preview Assets.xcassets */; };
		C11D5390271DAE0B00604F15 /* LaunchScreen.storyboard in Resources */ = {isa = PBXBuildFile; fileRef = C11D538E271DAE0B00604F15 /* LaunchScreen.storyboard */; };
		C11D539B271DAE0B00604F15 /* LearnSwiftUIXcode11Tests.swift in Sources */ = {isa = PBXBuildFile; fileRef = C11D539A271DAE0B00604F15 /* LearnSwiftUIXcode11Tests.swift */; };
		C11D53A6271DAE0B00604F15 /* LearnSwiftUIXcode11UITests.swift in Sources */ = {isa = PBXBuildFile; fileRef = C11D53A5271DAE0B00604F15 /* LearnSwiftUIXcode11UITests.swift */; };
		C14B67A527299D6D00BFF2DA /* QueryDataModel.swift in Sources */ = {isa = PBXBuildFile; fileRef = C14B67A427299D6D00BFF2DA /* QueryDataModel.swift */; };
		C17AA9E72722ACE7003EC7F1 /* AppDelegate.swift in Sources */ = {isa = PBXBuildFile; fileRef = C11D5383271DAE0A00604F15 /* AppDelegate.swift */; };
		C17AA9E82722ACE7003EC7F1 /* SceneDelegate.swift in Sources */ = {isa = PBXBuildFile; fileRef = C11D5385271DAE0A00604F15 /* SceneDelegate.swift */; };
		C17AA9EB2722ACE7003EC7F1 /* Alamofire in Frameworks */ = {isa = PBXBuildFile; productRef = C17AA9E42722ACE7003EC7F1 /* Alamofire */; };
		C17AA9ED2722ACE7003EC7F1 /* LaunchScreen.storyboard in Resources */ = {isa = PBXBuildFile; fileRef = C11D538E271DAE0B00604F15 /* LaunchScreen.storyboard */; };
		C17AA9EE2722ACE7003EC7F1 /* Preview Assets.xcassets in Resources */ = {isa = PBXBuildFile; fileRef = C11D538C271DAE0B00604F15 /* Preview Assets.xcassets */; };
		C17AA9EF2722ACE7003EC7F1 /* Assets.xcassets in Resources */ = {isa = PBXBuildFile; fileRef = C11D5389271DAE0B00604F15 /* Assets.xcassets */; };
		C19D2973272C2C73004539FF /* ContentView.swift in Sources */ = {isa = PBXBuildFile; fileRef = C19D2972272C2C73004539FF /* ContentView.swift */; };
		C19D2974272C2C73004539FF /* ContentView.swift in Sources */ = {isa = PBXBuildFile; fileRef = C19D2972272C2C73004539FF /* ContentView.swift */; };
		C1FBCA312721290A005A2C76 /* Alamofire in Frameworks */ = {isa = PBXBuildFile; productRef = C1FBCA302721290A005A2C76 /* Alamofire */; };
/* End PBXBuildFile section */

/* Begin PBXContainerItemProxy section */
		C11D5397271DAE0B00604F15 /* PBXContainerItemProxy */ = {
			isa = PBXContainerItemProxy;
			containerPortal = C11D5378271DAE0A00604F15 /* Project object */;
			proxyType = 1;
			remoteGlobalIDString = C11D537F271DAE0A00604F15;
			remoteInfo = LearnSwiftUIXcode11;
		};
		C11D53A2271DAE0B00604F15 /* PBXContainerItemProxy */ = {
			isa = PBXContainerItemProxy;
			containerPortal = C11D5378271DAE0A00604F15 /* Project object */;
			proxyType = 1;
			remoteGlobalIDString = C11D537F271DAE0A00604F15;
			remoteInfo = LearnSwiftUIXcode11;
		};
/* End PBXContainerItemProxy section */

/* Begin PBXFileReference section */
		468F6D9AEE3096F95C596AD1 /* Pods-sit.debug.xcconfig */ = {isa = PBXFileReference; includeInIndex = 1; lastKnownFileType = text.xcconfig; name = "Pods-sit.debug.xcconfig"; path = "Target Support Files/Pods-sit/Pods-sit.debug.xcconfig"; sourceTree = "<group>"; };
		911C88A9499138BA5E32C14F /* Pods-sit.release.xcconfig */ = {isa = PBXFileReference; includeInIndex = 1; lastKnownFileType = text.xcconfig; name = "Pods-sit.release.xcconfig"; path = "Target Support Files/Pods-sit/Pods-sit.release.xcconfig"; sourceTree = "<group>"; };
		C11D5380271DAE0A00604F15 /* dev.app */ = {isa = PBXFileReference; explicitFileType = wrapper.application; includeInIndex = 0; path = dev.app; sourceTree = BUILT_PRODUCTS_DIR; };
		C11D5383271DAE0A00604F15 /* AppDelegate.swift */ = {isa = PBXFileReference; lastKnownFileType = sourcecode.swift; path = AppDelegate.swift; sourceTree = "<group>"; };
		C11D5385271DAE0A00604F15 /* SceneDelegate.swift */ = {isa = PBXFileReference; lastKnownFileType = sourcecode.swift; path = SceneDelegate.swift; sourceTree = "<group>"; };
		C11D5389271DAE0B00604F15 /* Assets.xcassets */ = {isa = PBXFileReference; lastKnownFileType = folder.assetcatalog; path = Assets.xcassets; sourceTree = "<group>"; };
		C11D538C271DAE0B00604F15 /* Preview Assets.xcassets */ = {isa = PBXFileReference; lastKnownFileType = folder.assetcatalog; path = "Preview Assets.xcassets"; sourceTree = "<group>"; };
		C11D538F271DAE0B00604F15 /* Base */ = {isa = PBXFileReference; lastKnownFileType = file.storyboard; name = Base; path = Base.lproj/LaunchScreen.storyboard; sourceTree = "<group>"; };
		C11D5391271DAE0B00604F15 /* Info.plist */ = {isa = PBXFileReference; lastKnownFileType = text.plist.xml; path = Info.plist; sourceTree = "<group>"; };
		C11D5396271DAE0B00604F15 /* LearnSwiftUIXcode11Tests.xctest */ = {isa = PBXFileReference; explicitFileType = wrapper.cfbundle; includeInIndex = 0; path = LearnSwiftUIXcode11Tests.xctest; sourceTree = BUILT_PRODUCTS_DIR; };
		C11D539A271DAE0B00604F15 /* LearnSwiftUIXcode11Tests.swift */ = {isa = PBXFileReference; lastKnownFileType = sourcecode.swift; path = LearnSwiftUIXcode11Tests.swift; sourceTree = "<group>"; };
		C11D539C271DAE0B00604F15 /* Info.plist */ = {isa = PBXFileReference; lastKnownFileType = text.plist.xml; path = Info.plist; sourceTree = "<group>"; };
		C11D53A1271DAE0B00604F15 /* LearnSwiftUIXcode11UITests.xctest */ = {isa = PBXFileReference; explicitFileType = wrapper.cfbundle; includeInIndex = 0; path = LearnSwiftUIXcode11UITests.xctest; sourceTree = BUILT_PRODUCTS_DIR; };
		C11D53A5271DAE0B00604F15 /* LearnSwiftUIXcode11UITests.swift */ = {isa = PBXFileReference; lastKnownFileType = sourcecode.swift; path = LearnSwiftUIXcode11UITests.swift; sourceTree = "<group>"; };
		C11D53A7271DAE0C00604F15 /* Info.plist */ = {isa = PBXFileReference; lastKnownFileType = text.plist.xml; path = Info.plist; sourceTree = "<group>"; };
		C14B67A427299D6D00BFF2DA /* QueryDataModel.swift */ = {isa = PBXFileReference; lastKnownFileType = sourcecode.swift; path = QueryDataModel.swift; sourceTree = "<group>"; };
		C17AA9F32722ACE7003EC7F1 /* sit.app */ = {isa = PBXFileReference; explicitFileType = wrapper.application; includeInIndex = 0; path = sit.app; sourceTree = BUILT_PRODUCTS_DIR; };
		C17AA9F42722ACE8003EC7F1 /* LearnSwiftUIXcode11 copy-Info.plist */ = {isa = PBXFileReference; lastKnownFileType = text.plist.xml; name = "LearnSwiftUIXcode11 copy-Info.plist"; path = "/Users/wander/Desktop/Swift/LearnSwiftUIXcode11/LearnSwiftUIXcode11 copy-Info.plist"; sourceTree = "<absolute>"; };
		C19D2972272C2C73004539FF /* ContentView.swift */ = {isa = PBXFileReference; fileEncoding = 4; lastKnownFileType = sourcecode.swift; path = ContentView.swift; sourceTree = "<group>"; };
		D3C71C1F551F1620B0BA48C1 /* Pods_dev.framework */ = {isa = PBXFileReference; explicitFileType = wrapper.framework; includeInIndex = 0; path = Pods_dev.framework; sourceTree = BUILT_PRODUCTS_DIR; };
		ECBBD0B6C56FDD16A9ED8FA1 /* Pods-dev.release.xcconfig */ = {isa = PBXFileReference; includeInIndex = 1; lastKnownFileType = text.xcconfig; name = "Pods-dev.release.xcconfig"; path = "Target Support Files/Pods-dev/Pods-dev.release.xcconfig"; sourceTree = "<group>"; };
		ED5C0D0661AB0C31A7B3381F /* Pods_sit.framework */ = {isa = PBXFileReference; explicitFileType = wrapper.framework; includeInIndex = 0; path = Pods_sit.framework; sourceTree = BUILT_PRODUCTS_DIR; };
		F822006E893BFC798CDE8113 /* Pods-dev.debug.xcconfig */ = {isa = PBXFileReference; includeInIndex = 1; lastKnownFileType = text.xcconfig; name = "Pods-dev.debug.xcconfig"; path = "Target Support Files/Pods-dev/Pods-dev.debug.xcconfig"; sourceTree = "<group>"; };
/* End PBXFileReference section */

/* Begin PBXFrameworksBuildPhase section */
		C11D537D271DAE0A00604F15 /* Frameworks */ = {
			isa = PBXFrameworksBuildPhase;
			buildActionMask = 2147483647;
			files = (
				C1FBCA312721290A005A2C76 /* Alamofire in Frameworks */,
				0E5B00F6E53E1758AC44B562 /* Pods_dev.framework in Frameworks */,
			);
			runOnlyForDeploymentPostprocessing = 0;
		};
		C11D5393271DAE0B00604F15 /* Frameworks */ = {
			isa = PBXFrameworksBuildPhase;
			buildActionMask = 2147483647;
			files = (
			);
			runOnlyForDeploymentPostprocessing = 0;
		};
		C11D539E271DAE0B00604F15 /* Frameworks */ = {
			isa = PBXFrameworksBuildPhase;
			buildActionMask = 2147483647;
			files = (
			);
			runOnlyForDeploymentPostprocessing = 0;
		};
		C17AA9EA2722ACE7003EC7F1 /* Frameworks */ = {
			isa = PBXFrameworksBuildPhase;
			buildActionMask = 2147483647;
			files = (
				C17AA9EB2722ACE7003EC7F1 /* Alamofire in Frameworks */,
				361CB666C925742B88BA92A0 /* Pods_sit.framework in Frameworks */,
			);
			runOnlyForDeploymentPostprocessing = 0;
		};
/* End PBXFrameworksBuildPhase section */

/* Begin PBXGroup section */
		60DF546992BFF0D5BFA8CFC1 /* Pods */ = {
			isa = PBXGroup;
			children = (
				F822006E893BFC798CDE8113 /* Pods-dev.debug.xcconfig */,
				ECBBD0B6C56FDD16A9ED8FA1 /* Pods-dev.release.xcconfig */,
				468F6D9AEE3096F95C596AD1 /* Pods-sit.debug.xcconfig */,
				911C88A9499138BA5E32C14F /* Pods-sit.release.xcconfig */,
			);
			path = Pods;
			sourceTree = "<group>";
		};
		87B18D046E5C732C81B980D7 /* Frameworks */ = {
			isa = PBXGroup;
			children = (
				D3C71C1F551F1620B0BA48C1 /* Pods_dev.framework */,
				ED5C0D0661AB0C31A7B3381F /* Pods_sit.framework */,
			);
			name = Frameworks;
			sourceTree = "<group>";
		};
		C11D5377271DAE0A00604F15 = {
			isa = PBXGroup;
			children = (
				C11D5382271DAE0A00604F15 /* LearnSwiftUIXcode11 */,
				C11D5399271DAE0B00604F15 /* LearnSwiftUIXcode11Tests */,
				C11D53A4271DAE0B00604F15 /* LearnSwiftUIXcode11UITests */,
				C11D5381271DAE0A00604F15 /* Products */,
				C17AA9F42722ACE8003EC7F1 /* LearnSwiftUIXcode11 copy-Info.plist */,
				60DF546992BFF0D5BFA8CFC1 /* Pods */,
				87B18D046E5C732C81B980D7 /* Frameworks */,
			);
			sourceTree = "<group>";
		};
		C11D5381271DAE0A00604F15 /* Products */ = {
			isa = PBXGroup;
			children = (
				C11D5380271DAE0A00604F15 /* dev.app */,
				C11D5396271DAE0B00604F15 /* LearnSwiftUIXcode11Tests.xctest */,
				C11D53A1271DAE0B00604F15 /* LearnSwiftUIXcode11UITests.xctest */,
				C17AA9F32722ACE7003EC7F1 /* sit.app */,
			);
			name = Products;
			sourceTree = "<group>";
		};
		C11D5382271DAE0A00604F15 /* LearnSwiftUIXcode11 */ = {
			isa = PBXGroup;
			children = (
				C19D2972272C2C73004539FF /* ContentView.swift */,
				C11D5383271DAE0A00604F15 /* AppDelegate.swift */,
				C11D5385271DAE0A00604F15 /* SceneDelegate.swift */,
				C11D5389271DAE0B00604F15 /* Assets.xcassets */,
				C11D538E271DAE0B00604F15 /* LaunchScreen.storyboard */,
				C11D5391271DAE0B00604F15 /* Info.plist */,
				C11D538B271DAE0B00604F15 /* Preview Content */,
				C14B67A427299D6D00BFF2DA /* QueryDataModel.swift */,
			);
			path = LearnSwiftUIXcode11;
			sourceTree = "<group>";
		};
		C11D538B271DAE0B00604F15 /* Preview Content */ = {
			isa = PBXGroup;
			children = (
				C11D538C271DAE0B00604F15 /* Preview Assets.xcassets */,
			);
			path = "Preview Content";
			sourceTree = "<group>";
		};
		C11D5399271DAE0B00604F15 /* LearnSwiftUIXcode11Tests */ = {
			isa = PBXGroup;
			children = (
				C11D539A271DAE0B00604F15 /* LearnSwiftUIXcode11Tests.swift */,
				C11D539C271DAE0B00604F15 /* Info.plist */,
			);
			path = LearnSwiftUIXcode11Tests;
			sourceTree = "<group>";
		};
		C11D53A4271DAE0B00604F15 /* LearnSwiftUIXcode11UITests */ = {
			isa = PBXGroup;
			children = (
				C11D53A5271DAE0B00604F15 /* LearnSwiftUIXcode11UITests.swift */,
				C11D53A7271DAE0C00604F15 /* Info.plist */,
			);
			path = LearnSwiftUIXcode11UITests;
			sourceTree = "<group>";
		};
/* End PBXGroup section */

/* Begin PBXNativeTarget section */
		C11D537F271DAE0A00604F15 /* dev */ = {
			isa = PBXNativeTarget;
			buildConfigurationList = C11D53AA271DAE0C00604F15 /* Build configuration list for PBXNativeTarget "dev" */;
			buildPhases = (
				ABD46EEF2BFB581626D240EF /* [CP] Check Pods Manifest.lock */,
				C11D537C271DAE0A00604F15 /* Sources */,
				C11D537D271DAE0A00604F15 /* Frameworks */,
				C11D537E271DAE0A00604F15 /* Resources */,
				1011FE14BC22DC15CCF5F1E8 /* [CP] Embed Pods Frameworks */,
			);
			buildRules = (
			);
			dependencies = (
			);
			name = dev;
			packageProductDependencies = (
				C1FBCA302721290A005A2C76 /* Alamofire */,
			);
			productName = LearnSwiftUIXcode11;
			productReference = C11D5380271DAE0A00604F15 /* dev.app */;
			productType = "com.apple.product-type.application";
		};
		C11D5395271DAE0B00604F15 /* LearnSwiftUIXcode11Tests */ = {
			isa = PBXNativeTarget;
			buildConfigurationList = C11D53AD271DAE0C00604F15 /* Build configuration list for PBXNativeTarget "LearnSwiftUIXcode11Tests" */;
			buildPhases = (
				C11D5392271DAE0B00604F15 /* Sources */,
				C11D5393271DAE0B00604F15 /* Frameworks */,
				C11D5394271DAE0B00604F15 /* Resources */,
			);
			buildRules = (
			);
			dependencies = (
				C11D5398271DAE0B00604F15 /* PBXTargetDependency */,
			);
			name = LearnSwiftUIXcode11Tests;
			productName = LearnSwiftUIXcode11Tests;
			productReference = C11D5396271DAE0B00604F15 /* LearnSwiftUIXcode11Tests.xctest */;
			productType = "com.apple.product-type.bundle.unit-test";
		};
		C11D53A0271DAE0B00604F15 /* LearnSwiftUIXcode11UITests */ = {
			isa = PBXNativeTarget;
			buildConfigurationList = C11D53B0271DAE0C00604F15 /* Build configuration list for PBXNativeTarget "LearnSwiftUIXcode11UITests" */;
			buildPhases = (
				C11D539D271DAE0B00604F15 /* Sources */,
				C11D539E271DAE0B00604F15 /* Frameworks */,
				C11D539F271DAE0B00604F15 /* Resources */,
			);
			buildRules = (
			);
			dependencies = (
				C11D53A3271DAE0B00604F15 /* PBXTargetDependency */,
			);
			name = LearnSwiftUIXcode11UITests;
			productName = LearnSwiftUIXcode11UITests;
			productReference = C11D53A1271DAE0B00604F15 /* LearnSwiftUIXcode11UITests.xctest */;
			productType = "com.apple.product-type.bundle.ui-testing";
		};
		C17AA9E32722ACE7003EC7F1 /* sit */ = {
			isa = PBXNativeTarget;
			buildConfigurationList = C17AA9F02722ACE7003EC7F1 /* Build configuration list for PBXNativeTarget "sit" */;
			buildPhases = (
				7D01B944ECCAF96146BD90D0 /* [CP] Check Pods Manifest.lock */,
				C17AA9E62722ACE7003EC7F1 /* Sources */,
				C17AA9EA2722ACE7003EC7F1 /* Frameworks */,
				C17AA9EC2722ACE7003EC7F1 /* Resources */,
			);
			buildRules = (
			);
			dependencies = (
			);
			name = sit;
			packageProductDependencies = (
				C17AA9E42722ACE7003EC7F1 /* Alamofire */,
			);
			productName = LearnSwiftUIXcode11;
			productReference = C17AA9F32722ACE7003EC7F1 /* sit.app */;
			productType = "com.apple.product-type.application";
		};
/* End PBXNativeTarget section */

/* Begin PBXProject section */
		C11D5378271DAE0A00604F15 /* Project object */ = {
			isa = PBXProject;
			attributes = {
				LastSwiftUpdateCheck = 1150;
				LastUpgradeCheck = 1150;
				ORGANIZATIONNAME = xcode11;
				TargetAttributes = {
					C11D537F271DAE0A00604F15 = {
						CreatedOnToolsVersion = 11.5;
					};
					C11D5395271DAE0B00604F15 = {
						CreatedOnToolsVersion = 11.5;
						TestTargetID = C11D537F271DAE0A00604F15;
					};
					C11D53A0271DAE0B00604F15 = {
						CreatedOnToolsVersion = 11.5;
						TestTargetID = C11D537F271DAE0A00604F15;
					};
				};
			};
			buildConfigurationList = C11D537B271DAE0A00604F15 /* Build configuration list for PBXProject "LearnSwiftUIXcode11" */;
			compatibilityVersion = "Xcode 9.3";
			developmentRegion = en;
			hasScannedForEncodings = 0;
			knownRegions = (
				en,
				Base,
			);
			mainGroup = C11D5377271DAE0A00604F15;
			packageReferences = (
				C1FBCA2F2721290A005A2C76 /* XCRemoteSwiftPackageReference "Alamofire" */,
			);
			productRefGroup = C11D5381271DAE0A00604F15 /* Products */;
			projectDirPath = "";
			projectRoot = "";
			targets = (
				C11D537F271DAE0A00604F15 /* dev */,
				C17AA9E32722ACE7003EC7F1 /* sit */,
				C11D5395271DAE0B00604F15 /* LearnSwiftUIXcode11Tests */,
				C11D53A0271DAE0B00604F15 /* LearnSwiftUIXcode11UITests */,
			);
		};
/* End PBXProject section */

/* Begin PBXResourcesBuildPhase section */
		C11D537E271DAE0A00604F15 /* Resources */ = {
			isa = PBXResourcesBuildPhase;
			buildActionMask = 2147483647;
			files = (
				C11D5390271DAE0B00604F15 /* LaunchScreen.storyboard in Resources */,
				C11D538D271DAE0B00604F15 /* Preview Assets.xcassets in Resources */,
				C11D538A271DAE0B00604F15 /* Assets.xcassets in Resources */,
			);
			runOnlyForDeploymentPostprocessing = 0;
		};
		C11D5394271DAE0B00604F15 /* Resources */ = {
			isa = PBXResourcesBuildPhase;
			buildActionMask = 2147483647;
			files = (
			);
			runOnlyForDeploymentPostprocessing = 0;
		};
		C11D539F271DAE0B00604F15 /* Resources */ = {
			isa = PBXResourcesBuildPhase;
			buildActionMask = 2147483647;
			files = (
			);
			runOnlyForDeploymentPostprocessing = 0;
		};
		C17AA9EC2722ACE7003EC7F1 /* Resources */ = {
			isa = PBXResourcesBuildPhase;
			buildActionMask = 2147483647;
			files = (
				C17AA9ED2722ACE7003EC7F1 /* LaunchScreen.storyboard in Resources */,
				C17AA9EE2722ACE7003EC7F1 /* Preview Assets.xcassets in Resources */,
				C17AA9EF2722ACE7003EC7F1 /* Assets.xcassets in Resources */,
			);
			runOnlyForDeploymentPostprocessing = 0;
		};
/* End PBXResourcesBuildPhase section */

/* Begin PBXShellScriptBuildPhase section */
		1011FE14BC22DC15CCF5F1E8 /* [CP] Embed Pods Frameworks */ = {
			isa = PBXShellScriptBuildPhase;
			buildActionMask = 2147483647;
			files = (
			);
			inputFileListPaths = (
				"${PODS_ROOT}/Target Support Files/Pods-dev/Pods-dev-frameworks-${CONFIGURATION}-input-files.xcfilelist",
			);
			name = "[CP] Embed Pods Frameworks";
			outputFileListPaths = (
				"${PODS_ROOT}/Target Support Files/Pods-dev/Pods-dev-frameworks-${CONFIGURATION}-output-files.xcfilelist",
			);
			runOnlyForDeploymentPostprocessing = 0;
			shellPath = /bin/sh;
			shellScript = "\"${PODS_ROOT}/Target Support Files/Pods-dev/Pods-dev-frameworks.sh\"\n";
			showEnvVarsInLog = 0;
		};
		7D01B944ECCAF96146BD90D0 /* [CP] Check Pods Manifest.lock */ = {
			isa = PBXShellScriptBuildPhase;
			buildActionMask = 2147483647;
			files = (
			);
			inputFileListPaths = (
			);
			inputPaths = (
				"${PODS_PODFILE_DIR_PATH}/Podfile.lock",
				"${PODS_ROOT}/Manifest.lock",
			);
			name = "[CP] Check Pods Manifest.lock";
			outputFileListPaths = (
			);
			outputPaths = (
				"$(DERIVED_FILE_DIR)/Pods-sit-checkManifestLockResult.txt",
			);
			runOnlyForDeploymentPostprocessing = 0;
			shellPath = /bin/sh;
			shellScript = "diff \"${PODS_PODFILE_DIR_PATH}/Podfile.lock\" \"${PODS_ROOT}/Manifest.lock\" > /dev/null\nif [ $? != 0 ] ; then\n    # print error to STDERR\n    echo \"error: The sandbox is not in sync with the Podfile.lock. Run 'pod install' or update your CocoaPods installation.\" >&2\n    exit 1\nfi\n# This output is used by Xcode 'outputs' to avoid re-running this script phase.\necho \"SUCCESS\" > \"${SCRIPT_OUTPUT_FILE_0}\"\n";
			showEnvVarsInLog = 0;
		};
		ABD46EEF2BFB581626D240EF /* [CP] Check Pods Manifest.lock */ = {
			isa = PBXShellScriptBuildPhase;
			buildActionMask = 2147483647;
			files = (
			);
			inputFileListPaths = (
			);
			inputPaths = (
				"${PODS_PODFILE_DIR_PATH}/Podfile.lock",
				"${PODS_ROOT}/Manifest.lock",
			);
			name = "[CP] Check Pods Manifest.lock";
			outputFileListPaths = (
			);
			outputPaths = (
				"$(DERIVED_FILE_DIR)/Pods-dev-checkManifestLockResult.txt",
			);
			runOnlyForDeploymentPostprocessing = 0;
			shellPath = /bin/sh;
			shellScript = "diff \"${PODS_PODFILE_DIR_PATH}/Podfile.lock\" \"${PODS_ROOT}/Manifest.lock\" > /dev/null\nif [ $? != 0 ] ; then\n    # print error to STDERR\n    echo \"error: The sandbox is not in sync with the Podfile.lock. Run 'pod install' or update your CocoaPods installation.\" >&2\n    exit 1\nfi\n# This output is used by Xcode 'outputs' to avoid re-running this script phase.\necho \"SUCCESS\" > \"${SCRIPT_OUTPUT_FILE_0}\"\n";
			showEnvVarsInLog = 0;
		};
/* End PBXShellScriptBuildPhase section */

/* Begin PBXSourcesBuildPhase section */
		C11D537C271DAE0A00604F15 /* Sources */ = {
			isa = PBXSourcesBuildPhase;
			buildActionMask = 2147483647;
			files = (
				C14B67A527299D6D00BFF2DA /* QueryDataModel.swift in Sources */,
				C11D5384271DAE0A00604F15 /* AppDelegate.swift in Sources */,
				C19D2973272C2C73004539FF /* ContentView.swift in Sources */,
				C11D5386271DAE0A00604F15 /* SceneDelegate.swift in Sources */,
			);
			runOnlyForDeploymentPostprocessing = 0;
		};
		C11D5392271DAE0B00604F15 /* Sources */ = {
			isa = PBXSourcesBuildPhase;
			buildActionMask = 2147483647;
			files = (
				C11D539B271DAE0B00604F15 /* LearnSwiftUIXcode11Tests.swift in Sources */,
			);
			runOnlyForDeploymentPostprocessing = 0;
		};
		C11D539D271DAE0B00604F15 /* Sources */ = {
			isa = PBXSourcesBuildPhase;
			buildActionMask = 2147483647;
			files = (
				C11D53A6271DAE0B00604F15 /* LearnSwiftUIXcode11UITests.swift in Sources */,
			);
			runOnlyForDeploymentPostprocessing = 0;
		};
		C17AA9E62722ACE7003EC7F1 /* Sources */ = {
			isa = PBXSourcesBuildPhase;
			buildActionMask = 2147483647;
			files = (
				C17AA9E72722ACE7003EC7F1 /* AppDelegate.swift in Sources */,
				C17AA9E82722ACE7003EC7F1 /* SceneDelegate.swift in Sources */,
				C19D2974272C2C73004539FF /* ContentView.swift in Sources */,
			);
			runOnlyForDeploymentPostprocessing = 0;
		};
/* End PBXSourcesBuildPhase section */

/* Begin PBXTargetDependency section */
		C11D5398271DAE0B00604F15 /* PBXTargetDependency */ = {
			isa = PBXTargetDependency;
			target = C11D537F271DAE0A00604F15 /* dev */;
			targetProxy = C11D5397271DAE0B00604F15 /* PBXContainerItemProxy */;
		};
		C11D53A3271DAE0B00604F15 /* PBXTargetDependency */ = {
			isa = PBXTargetDependency;
			target = C11D537F271DAE0A00604F15 /* dev */;
			targetProxy = C11D53A2271DAE0B00604F15 /* PBXContainerItemProxy */;
		};
/* End PBXTargetDependency section */

/* Begin PBXVariantGroup section */
		C11D538E271DAE0B00604F15 /* LaunchScreen.storyboard */ = {
			isa = PBXVariantGroup;
			children = (
				C11D538F271DAE0B00604F15 /* Base */,
			);
			name = LaunchScreen.storyboard;
			sourceTree = "<group>";
		};
/* End PBXVariantGroup section */

/* Begin XCBuildConfiguration section */
		C11D53A8271DAE0C00604F15 /* Debug */ = {
			isa = XCBuildConfiguration;
			buildSettings = {
				ALWAYS_SEARCH_USER_PATHS = NO;
				CLANG_ANALYZER_NONNULL = YES;
				CLANG_ANALYZER_NUMBER_OBJECT_CONVERSION = YES_AGGRESSIVE;
				CLANG_CXX_LANGUAGE_STANDARD = "gnu++14";
				CLANG_CXX_LIBRARY = "libc++";
				CLANG_ENABLE_MODULES = YES;
				CLANG_ENABLE_OBJC_ARC = YES;
				CLANG_ENABLE_OBJC_WEAK = YES;
				CLANG_WARN_BLOCK_CAPTURE_AUTORELEASING = YES;
				CLANG_WARN_BOOL_CONVERSION = YES;
				CLANG_WARN_COMMA = YES;
				CLANG_WARN_CONSTANT_CONVERSION = YES;
				CLANG_WARN_DEPRECATED_OBJC_IMPLEMENTATIONS = YES;
				CLANG_WARN_DIRECT_OBJC_ISA_USAGE = YES_ERROR;
				CLANG_WARN_DOCUMENTATION_COMMENTS = YES;
				CLANG_WARN_EMPTY_BODY = YES;
				CLANG_WARN_ENUM_CONVERSION = YES;
				CLANG_WARN_INFINITE_RECURSION = YES;
				CLANG_WARN_INT_CONVERSION = YES;
				CLANG_WARN_NON_LITERAL_NULL_CONVERSION = YES;
				CLANG_WARN_OBJC_IMPLICIT_RETAIN_SELF = YES;
				CLANG_WARN_OBJC_LITERAL_CONVERSION = YES;
				CLANG_WARN_OBJC_ROOT_CLASS = YES_ERROR;
				CLANG_WARN_RANGE_LOOP_ANALYSIS = YES;
				CLANG_WARN_STRICT_PROTOTYPES = YES;
				CLANG_WARN_SUSPICIOUS_MOVE = YES;
				CLANG_WARN_UNGUARDED_AVAILABILITY = YES_AGGRESSIVE;
				CLANG_WARN_UNREACHABLE_CODE = YES;
				CLANG_WARN__DUPLICATE_METHOD_MATCH = YES;
				COPY_PHASE_STRIP = NO;
				DEBUG_INFORMATION_FORMAT = dwarf;
				ENABLE_STRICT_OBJC_MSGSEND = YES;
				ENABLE_TESTABILITY = YES;
				GCC_C_LANGUAGE_STANDARD = gnu11;
				GCC_DYNAMIC_NO_PIC = NO;
				GCC_NO_COMMON_BLOCKS = YES;
				GCC_OPTIMIZATION_LEVEL = 0;
				GCC_PREPROCESSOR_DEFINITIONS = (
					"DEBUG=1",
					"$(inherited)",
				);
				GCC_WARN_64_TO_32_BIT_CONVERSION = YES;
				GCC_WARN_ABOUT_RETURN_TYPE = YES_ERROR;
				GCC_WARN_UNDECLARED_SELECTOR = YES;
				GCC_WARN_UNINITIALIZED_AUTOS = YES_AGGRESSIVE;
				GCC_WARN_UNUSED_FUNCTION = YES;
				GCC_WARN_UNUSED_VARIABLE = YES;
				IPHONEOS_DEPLOYMENT_TARGET = 13.5;
				MTL_ENABLE_DEBUG_INFO = INCLUDE_SOURCE;
				MTL_FAST_MATH = YES;
				ONLY_ACTIVE_ARCH = YES;
				SDKROOT = iphoneos;
				SWIFT_ACTIVE_COMPILATION_CONDITIONS = DEBUG;
				SWIFT_OPTIMIZATION_LEVEL = "-Onone";
			};
			name = Debug;
		};
		C11D53A9271DAE0C00604F15 /* Release */ = {
			isa = XCBuildConfiguration;
			buildSettings = {
				ALWAYS_SEARCH_USER_PATHS = NO;
				CLANG_ANALYZER_NONNULL = YES;
				CLANG_ANALYZER_NUMBER_OBJECT_CONVERSION = YES_AGGRESSIVE;
				CLANG_CXX_LANGUAGE_STANDARD = "gnu++14";
				CLANG_CXX_LIBRARY = "libc++";
				CLANG_ENABLE_MODULES = YES;
				CLANG_ENABLE_OBJC_ARC = YES;
				CLANG_ENABLE_OBJC_WEAK = YES;
				CLANG_WARN_BLOCK_CAPTURE_AUTORELEASING = YES;
				CLANG_WARN_BOOL_CONVERSION = YES;
				CLANG_WARN_COMMA = YES;
				CLANG_WARN_CONSTANT_CONVERSION = YES;
				CLANG_WARN_DEPRECATED_OBJC_IMPLEMENTATIONS = YES;
				CLANG_WARN_DIRECT_OBJC_ISA_USAGE = YES_ERROR;
				CLANG_WARN_DOCUMENTATION_COMMENTS = YES;
				CLANG_WARN_EMPTY_BODY = YES;
				CLANG_WARN_ENUM_CONVERSION = YES;
				CLANG_WARN_INFINITE_RECURSION = YES;
				CLANG_WARN_INT_CONVERSION = YES;
				CLANG_WARN_NON_LITERAL_NULL_CONVERSION = YES;
				CLANG_WARN_OBJC_IMPLICIT_RETAIN_SELF = YES;
				CLANG_WARN_OBJC_LITERAL_CONVERSION = YES;
				CLANG_WARN_OBJC_ROOT_CLASS = YES_ERROR;
				CLANG_WARN_RANGE_LOOP_ANALYSIS = YES;
				CLANG_WARN_STRICT_PROTOTYPES = YES;
				CLANG_WARN_SUSPICIOUS_MOVE = YES;
				CLANG_WARN_UNGUARDED_AVAILABILITY = YES_AGGRESSIVE;
				CLANG_WARN_UNREACHABLE_CODE = YES;
				CLANG_WARN__DUPLICATE_METHOD_MATCH = YES;
				COPY_PHASE_STRIP = NO;
				DEBUG_INFORMATION_FORMAT = "dwarf-with-dsym";
				ENABLE_NS_ASSERTIONS = NO;
				ENABLE_STRICT_OBJC_MSGSEND = YES;
				GCC_C_LANGUAGE_STANDARD = gnu11;
				GCC_NO_COMMON_BLOCKS = YES;
				GCC_WARN_64_TO_32_BIT_CONVERSION = YES;
				GCC_WARN_ABOUT_RETURN_TYPE = YES_ERROR;
				GCC_WARN_UNDECLARED_SELECTOR = YES;
				GCC_WARN_UNINITIALIZED_AUTOS = YES_AGGRESSIVE;
				GCC_WARN_UNUSED_FUNCTION = YES;
				GCC_WARN_UNUSED_VARIABLE = YES;
				IPHONEOS_DEPLOYMENT_TARGET = 13.5;
				MTL_ENABLE_DEBUG_INFO = NO;
				MTL_FAST_MATH = YES;
				SDKROOT = iphoneos;
				SWIFT_COMPILATION_MODE = wholemodule;
				SWIFT_OPTIMIZATION_LEVEL = "-O";
				VALIDATE_PRODUCT = YES;
			};
			name = Release;
		};
		C11D53AB271DAE0C00604F15 /* Debug */ = {
			isa = XCBuildConfiguration;
			baseConfigurationReference = F822006E893BFC798CDE8113 /* Pods-dev.debug.xcconfig */;
			buildSettings = {
				ASSETCATALOG_COMPILER_APPICON_NAME = AppIcon;
				CODE_SIGN_STYLE = Automatic;
				DEVELOPMENT_ASSET_PATHS = "\"LearnSwiftUIXcode11/Preview Content\"";
				DEVELOPMENT_TEAM = Z8D49D4M8N;
				ENABLE_PREVIEWS = YES;
				INFOPLIST_FILE = LearnSwiftUIXcode11/Info.plist;
				LD_RUNPATH_SEARCH_PATHS = (
					"$(inherited)",
					"@executable_path/Frameworks",
				);
				OTHER_SWIFT_FLAGS = "-D DEV";
				PRODUCT_BUNDLE_IDENTIFIER = cn.wanderros.LearnSwiftUIXcode10;
				PRODUCT_NAME = "$(TARGET_NAME)";
				SWIFT_VERSION = 5.0;
				TARGETED_DEVICE_FAMILY = "1,2";
			};
			name = Debug;
		};
		C11D53AC271DAE0C00604F15 /* Release */ = {
			isa = XCBuildConfiguration;
			baseConfigurationReference = ECBBD0B6C56FDD16A9ED8FA1 /* Pods-dev.release.xcconfig */;
			buildSettings = {
				ASSETCATALOG_COMPILER_APPICON_NAME = AppIcon;
				CODE_SIGN_STYLE = Automatic;
				DEVELOPMENT_ASSET_PATHS = "\"LearnSwiftUIXcode11/Preview Content\"";
				DEVELOPMENT_TEAM = Z8D49D4M8N;
				ENABLE_PREVIEWS = YES;
				INFOPLIST_FILE = LearnSwiftUIXcode11/Info.plist;
				LD_RUNPATH_SEARCH_PATHS = (
					"$(inherited)",
					"@executable_path/Frameworks",
				);
				OTHER_SWIFT_FLAGS = "-D DEV";
				PRODUCT_BUNDLE_IDENTIFIER = cn.wanderros.LearnSwiftUIXcode10;
				PRODUCT_NAME = "$(TARGET_NAME)";
				SWIFT_VERSION = 5.0;
				TARGETED_DEVICE_FAMILY = "1,2";
			};
			name = Release;
		};
		C11D53AE271DAE0C00604F15 /* Debug */ = {
			isa = XCBuildConfiguration;
			buildSettings = {
				ALWAYS_EMBED_SWIFT_STANDARD_LIBRARIES = YES;
				BUNDLE_LOADER = "$(TEST_HOST)";
				CODE_SIGN_STYLE = Automatic;
				DEVELOPMENT_TEAM = Z8D49D4M8N;
				INFOPLIST_FILE = LearnSwiftUIXcode11Tests/Info.plist;
				IPHONEOS_DEPLOYMENT_TARGET = 13.5;
				LD_RUNPATH_SEARCH_PATHS = (
					"$(inherited)",
					"@executable_path/Frameworks",
					"@loader_path/Frameworks",
				);
				PRODUCT_BUNDLE_IDENTIFIER = cn.wander.LearnSwiftUIXcode11Tests;
				PRODUCT_NAME = "$(TARGET_NAME)";
				SWIFT_VERSION = 5.0;
				TARGETED_DEVICE_FAMILY = "1,2";
				TEST_HOST = "$(BUILT_PRODUCTS_DIR)/LearnSwiftUIXcode11.app/LearnSwiftUIXcode11";
			};
			name = Debug;
		};
		C11D53AF271DAE0C00604F15 /* Release */ = {
			isa = XCBuildConfiguration;
			buildSettings = {
				ALWAYS_EMBED_SWIFT_STANDARD_LIBRARIES = YES;
				BUNDLE_LOADER = "$(TEST_HOST)";
				CODE_SIGN_STYLE = Automatic;
				DEVELOPMENT_TEAM = Z8D49D4M8N;
				INFOPLIST_FILE = LearnSwiftUIXcode11Tests/Info.plist;
				IPHONEOS_DEPLOYMENT_TARGET = 13.5;
				LD_RUNPATH_SEARCH_PATHS = (
					"$(inherited)",
					"@executable_path/Frameworks",
					"@loader_path/Frameworks",
				);
				PRODUCT_BUNDLE_IDENTIFIER = cn.wander.LearnSwiftUIXcode11Tests;
				PRODUCT_NAME = "$(TARGET_NAME)";
				SWIFT_VERSION = 5.0;
				TARGETED_DEVICE_FAMILY = "1,2";
				TEST_HOST = "$(BUILT_PRODUCTS_DIR)/LearnSwiftUIXcode11.app/LearnSwiftUIXcode11";
			};
			name = Release;
		};
		C11D53B1271DAE0C00604F15 /* Debug */ = {
			isa = XCBuildConfiguration;
			buildSettings = {
				ALWAYS_EMBED_SWIFT_STANDARD_LIBRARIES = YES;
				CODE_SIGN_STYLE = Automatic;
				DEVELOPMENT_TEAM = Z8D49D4M8N;
				INFOPLIST_FILE = LearnSwiftUIXcode11UITests/Info.plist;
				LD_RUNPATH_SEARCH_PATHS = (
					"$(inherited)",
					"@executable_path/Frameworks",
					"@loader_path/Frameworks",
				);
				PRODUCT_BUNDLE_IDENTIFIER = cn.wander.LearnSwiftUIXcode11UITests;
				PRODUCT_NAME = "$(TARGET_NAME)";
				SWIFT_VERSION = 5.0;
				TARGETED_DEVICE_FAMILY = "1,2";
				TEST_TARGET_NAME = LearnSwiftUIXcode11;
			};
			name = Debug;
		};
		C11D53B2271DAE0C00604F15 /* Release */ = {
			isa = XCBuildConfiguration;
			buildSettings = {
				ALWAYS_EMBED_SWIFT_STANDARD_LIBRARIES = YES;
				CODE_SIGN_STYLE = Automatic;
				DEVELOPMENT_TEAM = Z8D49D4M8N;
				INFOPLIST_FILE = LearnSwiftUIXcode11UITests/Info.plist;
				LD_RUNPATH_SEARCH_PATHS = (
					"$(inherited)",
					"@executable_path/Frameworks",
					"@loader_path/Frameworks",
				);
				PRODUCT_BUNDLE_IDENTIFIER = cn.wander.LearnSwiftUIXcode11UITests;
				PRODUCT_NAME = "$(TARGET_NAME)";
				SWIFT_VERSION = 5.0;
				TARGETED_DEVICE_FAMILY = "1,2";
				TEST_TARGET_NAME = LearnSwiftUIXcode11;
			};
			name = Release;
		};
		C17AA9F12722ACE7003EC7F1 /* Debug */ = {
			isa = XCBuildConfiguration;
			baseConfigurationReference = 468F6D9AEE3096F95C596AD1 /* Pods-sit.debug.xcconfig */;
			buildSettings = {
				ASSETCATALOG_COMPILER_APPICON_NAME = AppIcon;
				CODE_SIGN_STYLE = Automatic;
				DEVELOPMENT_ASSET_PATHS = "\"LearnSwiftUIXcode11/Preview Content\"";
				DEVELOPMENT_TEAM = 4D7NSSCG7J;
				ENABLE_PREVIEWS = YES;
				INFOPLIST_FILE = "LearnSwiftUIXcode11 copy-Info.plist";
				LD_RUNPATH_SEARCH_PATHS = (
					"$(inherited)",
					"@executable_path/Frameworks",
				);
				PRODUCT_BUNDLE_IDENTIFIER = cn.wanderros.LearnSwiftUIXcode11;
				PRODUCT_NAME = "$(TARGET_NAME)";
				SWIFT_VERSION = 5.0;
				TARGETED_DEVICE_FAMILY = "1,2";
			};
			name = Debug;
		};
		C17AA9F22722ACE7003EC7F1 /* Release */ = {
			isa = XCBuildConfiguration;
			baseConfigurationReference = 911C88A9499138BA5E32C14F /* Pods-sit.release.xcconfig */;
			buildSettings = {
				ASSETCATALOG_COMPILER_APPICON_NAME = AppIcon;
				CODE_SIGN_STYLE = Automatic;
				DEVELOPMENT_ASSET_PATHS = "\"LearnSwiftUIXcode11/Preview Content\"";
				DEVELOPMENT_TEAM = 4D7NSSCG7J;
				ENABLE_PREVIEWS = YES;
				INFOPLIST_FILE = "LearnSwiftUIXcode11 copy-Info.plist";
				LD_RUNPATH_SEARCH_PATHS = (
					"$(inherited)",
					"@executable_path/Frameworks",
				);
				PRODUCT_BUNDLE_IDENTIFIER = cn.wanderros.LearnSwiftUIXcode11;
				PRODUCT_NAME = "$(TARGET_NAME)";
				SWIFT_VERSION = 5.0;
				TARGETED_DEVICE_FAMILY = "1,2";
			};
			name = Release;
		};
/* End XCBuildConfiguration section */

/* Begin XCConfigurationList section */
		C11D537B271DAE0A00604F15 /* Build configuration list for PBXProject "LearnSwiftUIXcode11" */ = {
			isa = XCConfigurationList;
			buildConfigurations = (
				C11D53A8271DAE0C00604F15 /* Debug */,
				C11D53A9271DAE0C00604F15 /* Release */,
			);
			defaultConfigurationIsVisible = 0;
			defaultConfigurationName = Release;
		};
		C11D53AA271DAE0C00604F15 /* Build configuration list for PBXNativeTarget "dev" */ = {
			isa = XCConfigurationList;
			buildConfigurations = (
				C11D53AB271DAE0C00604F15 /* Debug */,
				C11D53AC271DAE0C00604F15 /* Release */,
			);
			defaultConfigurationIsVisible = 0;
			defaultConfigurationName = Release;
		};
		C11D53AD271DAE0C00604F15 /* Build configuration list for PBXNativeTarget "LearnSwiftUIXcode11Tests" */ = {
			isa = XCConfigurationList;
			buildConfigurations = (
				C11D53AE271DAE0C00604F15 /* Debug */,
				C11D53AF271DAE0C00604F15 /* Release */,
			);
			defaultConfigurationIsVisible = 0;
			defaultConfigurationName = Release;
		};
		C11D53B0271DAE0C00604F15 /* Build configuration list for PBXNativeTarget "LearnSwiftUIXcode11UITests" */ = {
			isa = XCConfigurationList;
			buildConfigurations = (
				C11D53B1271DAE0C00604F15 /* Debug */,
				C11D53B2271DAE0C00604F15 /* Release */,
			);
			defaultConfigurationIsVisible = 0;
			defaultConfigurationName = Release;
		};
		C17AA9F02722ACE7003EC7F1 /* Build configuration list for PBXNativeTarget "sit" */ = {
			isa = XCConfigurationList;
			buildConfigurations = (
				C17AA9F12722ACE7003EC7F1 /* Debug */,
				C17AA9F22722ACE7003EC7F1 /* Release */,
			);
			defaultConfigurationIsVisible = 0;
			defaultConfigurationName = Release;
		};
/* End XCConfigurationList section */

/* Begin XCRemoteSwiftPackageReference section */
		C17AA9E52722ACE7003EC7F1 /* XCRemoteSwiftPackageReference "Alamofire" */ = {
			isa = XCRemoteSwiftPackageReference;
			repositoryURL = "https://gitee.com/WanderingSouls/Alamofire";
			requirement = {
				kind = upToNextMajorVersion;
				minimumVersion = 5.4.4;
			};
		};
		C1FBCA2F2721290A005A2C76 /* XCRemoteSwiftPackageReference "Alamofire" */ = {
			isa = XCRemoteSwiftPackageReference;
			repositoryURL = "https://gitee.com/WanderingSouls/Alamofire";
			requirement = {
				kind = upToNextMajorVersion;
				minimumVersion = 5.4.4;
			};
		};
/* End XCRemoteSwiftPackageReference section */

/* Begin XCSwiftPackageProductDependency section */
		C17AA9E42722ACE7003EC7F1 /* Alamofire */ = {
			isa = XCSwiftPackageProductDependency;
			package = C17AA9E52722ACE7003EC7F1 /* XCRemoteSwiftPackageReference "Alamofire" */;
			productName = Alamofire;
		};
		C1FBCA302721290A005A2C76 /* Alamofire */ = {
			isa = XCSwiftPackageProductDependency;
			package = C1FBCA2F2721290A005A2C76 /* XCRemoteSwiftPackageReference "Alamofire" */;
			productName = Alamofire;
		};
/* End XCSwiftPackageProductDependency section */
	};
	rootObject = C11D5378271DAE0A00604F15 /* Project object */;
}
